
Microsoft Visual Studio Solution File, Format Version 12.00
# Visual Studio Version 17
VisualStudioVersion = 17.0.31903.59
MinimumVisualStudioVersion = 10.0.40219.1
Project("{2150E333-8FDC-42A3-9474-1A3956D46DE8}") = "Solution Items", "Solution Items", "{8EC462FD-D22E-90A8-E5CE-7E832BA40C5D}"
	ProjectSection(SolutionItems) = preProject
		.editorconfig = .editorconfig
		.gitignore = .gitignore
		README.md = README.md
	EndProjectSection
EndProject
Project("{2150E333-8FDC-42A3-9474-1A3956D46DE8}") = "src", "src", "{02EA681E-C7D8-13C7-8484-4AC65E1B71E8}"
EndProject
Project("{2150E333-8FDC-42A3-9474-1A3956D46DE8}") = "test", "test", "{5AFD6326-90E1-4A4B-8C5A-0A1C4512A6C5}"
EndProject
Project("{FAE04EC0-301F-11D3-BF4B-00C04F79EFBC}") = "AspireApp.AppHost", "AspireApp\AspireApp.AppHost\AspireApp.AppHost.csproj", "{D1246634-FB3B-4539-8D64-A198393B7878}"
EndProject
Project("{FAE04EC0-301F-11D3-BF4B-00C04F79EFBC}") = "AspireApp.ServiceDefaults", "AspireApp\AspireApp.ServiceDefaults\AspireApp.ServiceDefaults.csproj", "{CEF74E1D-AEBF-CDE1-7C5A-CCC40CBE62E4}"
EndProject
Project("{FAE04EC0-301F-11D3-BF4B-00C04F79EFBC}") = "AspireApp.ApiService", "AspireApp\AspireApp.ApiService\AspireApp.ApiService.csproj", "{E46BA07F-94A0-58A4-7707-AA04C01D04D0}"
EndProject
Project("{FAE04EC0-301F-11D3-BF4B-00C04F79EFBC}") = "AspireApp.Web", "AspireApp\AspireApp.Web\AspireApp.Web.csproj", "{E0672E7E-0DF5-284C-0197-026648704C8B}"
EndProject
Global
	GlobalSection(SolutionConfigurationPlatforms) = preSolution
		Debug|Any CPU = Debug|Any CPU
		Release|Any CPU = Release|Any CPU
	EndGlobalSection
	GlobalSection(ProjectConfigurationPlatforms) = postSolution
		{D1246634-FB3B-4539-8D64-A198393B7878}.Debug|Any CPU.ActiveCfg = Debug|Any CPU
		{D1246634-FB3B-4539-8D64-A198393B7878}.Debug|Any CPU.Build.0 = Debug|Any CPU
		{D1246634-FB3B-4539-8D64-A198393B7878}.Release|Any CPU.ActiveCfg = Release|Any CPU
		{D1246634-FB3B-4539-8D64-A198393B7878}.Release|Any CPU.Build.0 = Release|Any CPU
		{CEF74E1D-AEBF-CDE1-7C5A-CCC40CBE62E4}.Debug|Any CPU.ActiveCfg = Debug|Any CPU
		{CEF74E1D-AEBF-CDE1-7C5A-CCC40CBE62E4}.Debug|Any CPU.Build.0 = Debug|Any CPU
		{CEF74E1D-AEBF-CDE1-7C5A-CCC40CBE62E4}.Release|Any CPU.ActiveCfg = Release|Any CPU
		{CEF74E1D-AEBF-CDE1-7C5A-CCC40CBE62E4}.Release|Any CPU.Build.0 = Release|Any CPU
		{E46BA07F-94A0-58A4-7707-AA04C01D04D0}.Debug|Any CPU.ActiveCfg = Debug|Any CPU
		{E46BA07F-94A0-58A4-7707-AA04C01D04D0}.Debug|Any CPU.Build.0 = Debug|Any CPU
		{E46BA07F-94A0-58A4-7707-AA04C01D04D0}.Release|Any CPU.ActiveCfg = Release|Any CPU
		{E46BA07F-94A0-58A4-7707-AA04C01D04D0}.Release|Any CPU.Build.0 = Release|Any CPU
		{E0672E7E-0DF5-284C-0197-026648704C8B}.Debug|Any CPU.ActiveCfg = Debug|Any CPU
		{E0672E7E-0DF5-284C-0197-026648704C8B}.Debug|Any CPU.Build.0 = Debug|Any CPU
		{E0672E7E-0DF5-284C-0197-026648704C8B}.Release|Any CPU.ActiveCfg = Release|Any CPU
		{E0672E7E-0DF5-284C-0197-026648704C8B}.Release|Any CPU.Build.0 = Release|Any CPU
	EndGlobalSection
	GlobalSection(SolutionProperties) = preSolution
		HideSolutionNode = FALSE
	EndGlobalSection
	GlobalSection(NestedProjects) = preSolution
		{D1246634-FB3B-4539-8D64-A198393B7878} = {02EA681E-C7D8-13C7-8484-4AC65E1B71E8}
		{CEF74E1D-AEBF-CDE1-7C5A-CCC40CBE62E4} = {02EA681E-C7D8-13C7-8484-4AC65E1B71E8}
		{E46BA07F-94A0-58A4-7707-AA04C01D04D0} = {02EA681E-C7D8-13C7-8484-4AC65E1B71E8}
		{E0672E7E-0DF5-284C-0197-026648704C8B} = {02EA681E-C7D8-13C7-8484-4AC65E1B71E8}
	EndGlobalSection
	GlobalSection(ExtensibilityGlobals) = postSolution
		SolutionGuid = {1FFC6440-9DBB-456F-BECA-78C175111E05}
	EndGlobalSection
EndGlobal
